
Microsoft Visual Studio Solution File, Format Version 12.00
# Visual Studio Version 17
VisualStudioVersion = 17.9.34728.123
MinimumVisualStudioVersion = 10.0.40219.1
Project("{8BC9CEB8-8B4A-11D0-8D11-00A0C91BC942}") = "Homework-ref-1", "Homework-ref-1\Homework-ref-1.vcxproj", "{3D834039-F83D-4270-BB80-45AA2491161A}"
EndProject
Global
	GlobalSection(SolutionConfigurationPlatforms) = preSolution
		Debug|x64 = Debug|x64
		Debug|x86 = Debug|x86
		Release|x64 = Release|x64
		Release|x86 = Release|x86
	EndGlobalSection
	GlobalSection(ProjectConfigurationPlatforms) = postSolution
		{3D834039-F83D-4270-BB80-45AA2491161A}.Debug|x64.ActiveCfg = Debug|x64
		{3D834039-F83D-4270-BB80-45AA2491161A}.Debug|x64.Build.0 = Debug|x64
		{3D834039-F83D-4270-BB80-45AA2491161A}.Debug|x86.ActiveCfg = Debug|Win32
		{3D834039-F83D-4270-BB80-45AA2491161A}.Debug|x86.Build.0 = Debug|Win32
		{3D834039-F83D-4270-BB80-45AA2491161A}.Release|x64.ActiveCfg = Release|x64
		{3D834039-F83D-4270-BB80-45AA2491161A}.Release|x64.Build.0 = Release|x64
		{3D834039-F83D-4270-BB80-45AA2491161A}.Release|x86.ActiveCfg = Release|Win32
		{3D834039-F83D-4270-BB80-45AA2491161A}.Release|x86.Build.0 = Release|Win32
	EndGlobalSection
	GlobalSection(SolutionProperties) = preSolution
		HideSolutionNode = FALSE
	EndGlobalSection
	GlobalSection(ExtensibilityGlobals) = postSolution
		SolutionGuid = {82F5A12B-4EDA-4397-96D9-1589CC9A5419}
	EndGlobalSection
EndGlobal
